
Microsoft Visual Studio Solution File, Format Version 12.00
# Visual Studio Version 16
VisualStudioVersion = 16.0.33927.289
MinimumVisualStudioVersion = 10.0.40219.1
Project("{2150E333-8FDC-42A3-9474-1A3956D46DE8}") = "Task0", "Task0", "{AE492B67-F1C3-4826-992C-47868DC86906}"
EndProject
Project("{FAE04EC0-301F-11D3-BF4B-00C04F79EFBC}") = "Tyuiu.MarinenkovaKD.Sprint6.Task0.V30.Lib", "Tyuiu.MarinenkovaKD.Sprint6.Task0.V30.Lib\Tyuiu.MarinenkovaKD.Sprint6.Task0.V30.Lib.csproj", "{0872BEED-49BD-4DB1-9CB6-F059CEDDD737}"
EndProject
Project("{FAE04EC0-301F-11D3-BF4B-00C04F79EFBC}") = "Tyuiu.MarinenkovaKD.Sprint6.Task0.V30.Test", "Tyuiu.MarinenkovaKD.Sprint6.Task0.V30.Test\Tyuiu.MarinenkovaKD.Sprint6.Task0.V30.Test.csproj", "{C80F3A61-6166-4269-977F-78A59A4EB4D8}"
EndProject
Project("{FAE04EC0-301F-11D3-BF4B-00C04F79EFBC}") = "Tyuiu.MarinenkovaKD.Sprint6.Task0.V30", "Tyuiu.MarinenkovaKD.Sprint6.Task0.V30\Tyuiu.MarinenkovaKD.Sprint6.Task0.V30.csproj", "{35E21FB8-0AA4-4CF2-9C0A-1D28140E5D65}"
EndProject
Project("{2150E333-8FDC-42A3-9474-1A3956D46DE8}") = "Task1", "Task1", "{650A3DDC-D35D-4A5D-A293-52239C77C650}"
EndProject
Project("{FAE04EC0-301F-11D3-BF4B-00C04F79EFBC}") = "Tyuiu.MarinenkovaKD.Sprint6.Task1.V24.Lib", "Tyuiu.MarinenkovaKD.Sprint6.Task1.V24.Lib\Tyuiu.MarinenkovaKD.Sprint6.Task1.V24.Lib.csproj", "{C265D7D8-4A17-4C06-81E6-882EDD57385D}"
EndProject
Project("{FAE04EC0-301F-11D3-BF4B-00C04F79EFBC}") = "Tyuiu.MarinenkovaKD.Sprint6.Task1.V24.Test", "Tyuiu.MarinenkovaKD.Sprint6.Task1.V24.Test\Tyuiu.MarinenkovaKD.Sprint6.Task1.V24.Test.csproj", "{DF042DCA-FE52-40B8-970A-59EE25B50929}"
EndProject
Project("{FAE04EC0-301F-11D3-BF4B-00C04F79EFBC}") = "Tyuiu.MarinenkovaKD.Sprint6.Task1.V24", "Tyuiu.MarinenkovaKD.Sprint6.Task1.V24\Tyuiu.MarinenkovaKD.Sprint6.Task1.V24.csproj", "{8A5E222C-AEE5-4524-824A-A3FBB2BBBAF9}"
EndProject
Project("{2150E333-8FDC-42A3-9474-1A3956D46DE8}") = "Task2", "Task2", "{282F251A-D36A-40F2-A66A-E4F49AF32C8C}"
EndProject
Project("{FAE04EC0-301F-11D3-BF4B-00C04F79EFBC}") = "Tyuiu.MarinenkovaKD.Sprint6.Task2.V22.Lib", "Tyuiu.MarinenkovaKD.Sprint6.Task2.V22.Lib\Tyuiu.MarinenkovaKD.Sprint6.Task2.V22.Lib.csproj", "{183FFEB1-C2E8-4496-9E4D-B50B98A60431}"
EndProject
Project("{FAE04EC0-301F-11D3-BF4B-00C04F79EFBC}") = "Tyuiu.MarinenkovaKD.Sprint6.Task2.V22.Test", "Tyuiu.MarinenkovaKD.Sprint6.Task2.V22.Test\Tyuiu.MarinenkovaKD.Sprint6.Task2.V22.Test.csproj", "{29A4AA82-EBD7-46CC-8F15-D44F80483937}"
EndProject
Project("{FAE04EC0-301F-11D3-BF4B-00C04F79EFBC}") = "Tyuiu.MarinenkovaKD.Sprint6.Task2.V22", "Tyuiu.MarinenkovaKD.Sprint6.Task2.V22\Tyuiu.MarinenkovaKD.Sprint6.Task2.V22.csproj", "{E8BCCF11-CD5F-4599-B7F5-27755F6BF9FC}"
EndProject
Project("{2150E333-8FDC-42A3-9474-1A3956D46DE8}") = "Task3", "Task3", "{800C78ED-A57F-4C45-B1E9-6EC5A04AD228}"
EndProject
Project("{FAE04EC0-301F-11D3-BF4B-00C04F79EFBC}") = "Tyuiu.MarinenkovaKD.Sprint6.Task3.V18.Lib", "Tyuiu.MarinenkovaKD.Sprint6.Task3.V18.Lib\Tyuiu.MarinenkovaKD.Sprint6.Task3.V18.Lib.csproj", "{D8A3B95C-5E45-4BE0-AB5B-71B67A383A4D}"
EndProject
Project("{FAE04EC0-301F-11D3-BF4B-00C04F79EFBC}") = "Tyuiu.MarinenkovaKD.Sprint6.Task3.V18.Test", "Tyuiu.MarinenkovaKD.Sprint6.Task3.V18.Test\Tyuiu.MarinenkovaKD.Sprint6.Task3.V18.Test.csproj", "{3A2EF124-1798-4F12-B248-9C67818E6C1E}"
EndProject
Project("{FAE04EC0-301F-11D3-BF4B-00C04F79EFBC}") = "Tyuiu.MarinenkovaKD.Sprint6.Task3.V18", "Tyuiu.MarinenkovaKD.Sprint6.Task3.V18\Tyuiu.MarinenkovaKD.Sprint6.Task3.V18.csproj", "{79012BE7-26B3-4BEF-BA38-BB4AFFDE271B}"
EndProject
Global
	GlobalSection(SolutionConfigurationPlatforms) = preSolution
		Debug|Any CPU = Debug|Any CPU
		Release|Any CPU = Release|Any CPU
	EndGlobalSection
	GlobalSection(ProjectConfigurationPlatforms) = postSolution
		{0872BEED-49BD-4DB1-9CB6-F059CEDDD737}.Debug|Any CPU.ActiveCfg = Debug|Any CPU
		{0872BEED-49BD-4DB1-9CB6-F059CEDDD737}.Debug|Any CPU.Build.0 = Debug|Any CPU
		{0872BEED-49BD-4DB1-9CB6-F059CEDDD737}.Release|Any CPU.ActiveCfg = Release|Any CPU
		{0872BEED-49BD-4DB1-9CB6-F059CEDDD737}.Release|Any CPU.Build.0 = Release|Any CPU
		{C80F3A61-6166-4269-977F-78A59A4EB4D8}.Debug|Any CPU.ActiveCfg = Debug|Any CPU
		{C80F3A61-6166-4269-977F-78A59A4EB4D8}.Debug|Any CPU.Build.0 = Debug|Any CPU
		{C80F3A61-6166-4269-977F-78A59A4EB4D8}.Release|Any CPU.ActiveCfg = Release|Any CPU
		{C80F3A61-6166-4269-977F-78A59A4EB4D8}.Release|Any CPU.Build.0 = Release|Any CPU
		{35E21FB8-0AA4-4CF2-9C0A-1D28140E5D65}.Debug|Any CPU.ActiveCfg = Debug|Any CPU
		{35E21FB8-0AA4-4CF2-9C0A-1D28140E5D65}.Debug|Any CPU.Build.0 = Debug|Any CPU
		{35E21FB8-0AA4-4CF2-9C0A-1D28140E5D65}.Release|Any CPU.ActiveCfg = Release|Any CPU
		{35E21FB8-0AA4-4CF2-9C0A-1D28140E5D65}.Release|Any CPU.Build.0 = Release|Any CPU
		{C265D7D8-4A17-4C06-81E6-882EDD57385D}.Debug|Any CPU.ActiveCfg = Debug|Any CPU
		{C265D7D8-4A17-4C06-81E6-882EDD57385D}.Debug|Any CPU.Build.0 = Debug|Any CPU
		{C265D7D8-4A17-4C06-81E6-882EDD57385D}.Release|Any CPU.ActiveCfg = Release|Any CPU
		{C265D7D8-4A17-4C06-81E6-882EDD57385D}.Release|Any CPU.Build.0 = Release|Any CPU
		{DF042DCA-FE52-40B8-970A-59EE25B50929}.Debug|Any CPU.ActiveCfg = Debug|Any CPU
		{DF042DCA-FE52-40B8-970A-59EE25B50929}.Debug|Any CPU.Build.0 = Debug|Any CPU
		{DF042DCA-FE52-40B8-970A-59EE25B50929}.Release|Any CPU.ActiveCfg = Release|Any CPU
		{DF042DCA-FE52-40B8-970A-59EE25B50929}.Release|Any CPU.Build.0 = Release|Any CPU
		{8A5E222C-AEE5-4524-824A-A3FBB2BBBAF9}.Debug|Any CPU.ActiveCfg = Debug|Any CPU
		{8A5E222C-AEE5-4524-824A-A3FBB2BBBAF9}.Debug|Any CPU.Build.0 = Debug|Any CPU
		{8A5E222C-AEE5-4524-824A-A3FBB2BBBAF9}.Release|Any CPU.ActiveCfg = Release|Any CPU
		{8A5E222C-AEE5-4524-824A-A3FBB2BBBAF9}.Release|Any CPU.Build.0 = Release|Any CPU
		{183FFEB1-C2E8-4496-9E4D-B50B98A60431}.Debug|Any CPU.ActiveCfg = Debug|Any CPU
		{183FFEB1-C2E8-4496-9E4D-B50B98A60431}.Debug|Any CPU.Build.0 = Debug|Any CPU
		{183FFEB1-C2E8-4496-9E4D-B50B98A60431}.Release|Any CPU.ActiveCfg = Release|Any CPU
		{183FFEB1-C2E8-4496-9E4D-B50B98A60431}.Release|Any CPU.Build.0 = Release|Any CPU
		{29A4AA82-EBD7-46CC-8F15-D44F80483937}.Debug|Any CPU.ActiveCfg = Debug|Any CPU
		{29A4AA82-EBD7-46CC-8F15-D44F80483937}.Debug|Any CPU.Build.0 = Debug|Any CPU
		{29A4AA82-EBD7-46CC-8F15-D44F80483937}.Release|Any CPU.ActiveCfg = Release|Any CPU
		{29A4AA82-EBD7-46CC-8F15-D44F80483937}.Release|Any CPU.Build.0 = Release|Any CPU
		{E8BCCF11-CD5F-4599-B7F5-27755F6BF9FC}.Debug|Any CPU.ActiveCfg = Debug|Any CPU
		{E8BCCF11-CD5F-4599-B7F5-27755F6BF9FC}.Debug|Any CPU.Build.0 = Debug|Any CPU
		{E8BCCF11-CD5F-4599-B7F5-27755F6BF9FC}.Release|Any CPU.ActiveCfg = Release|Any CPU
		{E8BCCF11-CD5F-4599-B7F5-27755F6BF9FC}.Release|Any CPU.Build.0 = Release|Any CPU
		{D8A3B95C-5E45-4BE0-AB5B-71B67A383A4D}.Debug|Any CPU.ActiveCfg = Debug|Any CPU
		{D8A3B95C-5E45-4BE0-AB5B-71B67A383A4D}.Debug|Any CPU.Build.0 = Debug|Any CPU
		{D8A3B95C-5E45-4BE0-AB5B-71B67A383A4D}.Release|Any CPU.ActiveCfg = Release|Any CPU
		{D8A3B95C-5E45-4BE0-AB5B-71B67A383A4D}.Release|Any CPU.Build.0 = Release|Any CPU
		{3A2EF124-1798-4F12-B248-9C67818E6C1E}.Debug|Any CPU.ActiveCfg = Debug|Any CPU
		{3A2EF124-1798-4F12-B248-9C67818E6C1E}.Debug|Any CPU.Build.0 = Debug|Any CPU
		{3A2EF124-1798-4F12-B248-9C67818E6C1E}.Release|Any CPU.ActiveCfg = Release|Any CPU
		{3A2EF124-1798-4F12-B248-9C67818E6C1E}.Release|Any CPU.Build.0 = Release|Any CPU
		{79012BE7-26B3-4BEF-BA38-BB4AFFDE271B}.Debug|Any CPU.ActiveCfg = Debug|Any CPU
		{79012BE7-26B3-4BEF-BA38-BB4AFFDE271B}.Debug|Any CPU.Build.0 = Debug|Any CPU
		{79012BE7-26B3-4BEF-BA38-BB4AFFDE271B}.Release|Any CPU.ActiveCfg = Release|Any CPU
		{79012BE7-26B3-4BEF-BA38-BB4AFFDE271B}.Release|Any CPU.Build.0 = Release|Any CPU
	EndGlobalSection
	GlobalSection(SolutionProperties) = preSolution
		HideSolutionNode = FALSE
	EndGlobalSection
	GlobalSection(NestedProjects) = preSolution
		{0872BEED-49BD-4DB1-9CB6-F059CEDDD737} = {AE492B67-F1C3-4826-992C-47868DC86906}
		{C80F3A61-6166-4269-977F-78A59A4EB4D8} = {AE492B67-F1C3-4826-992C-47868DC86906}
		{35E21FB8-0AA4-4CF2-9C0A-1D28140E5D65} = {AE492B67-F1C3-4826-992C-47868DC86906}
		{C265D7D8-4A17-4C06-81E6-882EDD57385D} = {650A3DDC-D35D-4A5D-A293-52239C77C650}
		{DF042DCA-FE52-40B8-970A-59EE25B50929} = {650A3DDC-D35D-4A5D-A293-52239C77C650}
		{8A5E222C-AEE5-4524-824A-A3FBB2BBBAF9} = {650A3DDC-D35D-4A5D-A293-52239C77C650}
		{183FFEB1-C2E8-4496-9E4D-B50B98A60431} = {282F251A-D36A-40F2-A66A-E4F49AF32C8C}
		{29A4AA82-EBD7-46CC-8F15-D44F80483937} = {282F251A-D36A-40F2-A66A-E4F49AF32C8C}
		{E8BCCF11-CD5F-4599-B7F5-27755F6BF9FC} = {282F251A-D36A-40F2-A66A-E4F49AF32C8C}
		{D8A3B95C-5E45-4BE0-AB5B-71B67A383A4D} = {800C78ED-A57F-4C45-B1E9-6EC5A04AD228}
		{3A2EF124-1798-4F12-B248-9C67818E6C1E} = {800C78ED-A57F-4C45-B1E9-6EC5A04AD228}
		{79012BE7-26B3-4BEF-BA38-BB4AFFDE271B} = {800C78ED-A57F-4C45-B1E9-6EC5A04AD228}
	EndGlobalSection
	GlobalSection(ExtensibilityGlobals) = postSolution
		SolutionGuid = {3CFD5F78-BDB2-4E9F-94EE-17549CAA478B}
	EndGlobalSection
EndGlobal
